
Microsoft Visual Studio Solution File, Format Version 12.00
# Visual Studio Version 17
VisualStudioVersion = 17.6.33815.320
MinimumVisualStudioVersion = 10.0.40219.1
Project("{FAE04EC0-301F-11D3-BF4B-00C04F79EFBC}") = "kodekonnectdevPortfolio", "kodekonnectdevPortfolio.csproj", "{BA2794F8-B8C0-4A00-9579-9AADD5947D8B}"
EndProject
Global
	GlobalSection(SolutionConfigurationPlatforms) = preSolution
		Debug|Any CPU = Debug|Any CPU
		Release|Any CPU = Release|Any CPU
	EndGlobalSection
	GlobalSection(ProjectConfigurationPlatforms) = postSolution
		{BA2794F8-B8C0-4A00-9579-9AADD5947D8B}.Debug|Any CPU.ActiveCfg = Debug|Any CPU
		{BA2794F8-B8C0-4A00-9579-9AADD5947D8B}.Debug|Any CPU.Build.0 = Debug|Any CPU
		{BA2794F8-B8C0-4A00-9579-9AADD5947D8B}.Release|Any CPU.ActiveCfg = Release|Any CPU
		{BA2794F8-B8C0-4A00-9579-9AADD5947D8B}.Release|Any CPU.Build.0 = Release|Any CPU
	EndGlobalSection
	GlobalSection(SolutionProperties) = preSolution
		HideSolutionNode = FALSE
	EndGlobalSection
	GlobalSection(ExtensibilityGlobals) = postSolution
		SolutionGuid = {D1BCE22F-6A46-4F72-BC80-A4EA2238CE0D}
	EndGlobalSection
EndGlobal
